// !$*UTF8*$!
{
	archiveVersion = 1;
	classes = {
	};
	objectVersion = 50;
	objects = {

/* Begin PBXBuildFile section */
		F76D1EDA2581C4BA00E40A5F /* AppDelegate.swift in Sources */ = {isa = PBXBuildFile; fileRef = F76D1ED92581C4BA00E40A5F /* AppDelegate.swift */; };
		F76D1EDC2581C4BA00E40A5F /* SceneDelegate.swift in Sources */ = {isa = PBXBuildFile; fileRef = F76D1EDB2581C4BA00E40A5F /* SceneDelegate.swift */; };
		F76D1EDE2581C4BA00E40A5F /* ViewController.swift in Sources */ = {isa = PBXBuildFile; fileRef = F76D1EDD2581C4BA00E40A5F /* ViewController.swift */; };
		F76D1EE12581C4BA00E40A5F /* Main.storyboard in Resources */ = {isa = PBXBuildFile; fileRef = F76D1EDF2581C4BA00E40A5F /* Main.storyboard */; };
		F76D1EE32581C4BD00E40A5F /* Assets.xcassets in Resources */ = {isa = PBXBuildFile; fileRef = F76D1EE22581C4BD00E40A5F /* Assets.xcassets */; };
		F76D1EE62581C4BD00E40A5F /* LaunchScreen.storyboard in Resources */ = {isa = PBXBuildFile; fileRef = F76D1EE42581C4BD00E40A5F /* LaunchScreen.storyboard */; };
/* End PBXBuildFile section */

/* Begin PBXFileReference section */
		F76D1ED62581C4BA00E40A5F /* SecKeyEncryption.app */ = {isa = PBXFileReference; explicitFileType = wrapper.application; includeInIndex = 0; path = SecKeyEncryption.app; sourceTree = BUILT_PRODUCTS_DIR; };
		F76D1ED92581C4BA00E40A5F /* AppDelegate.swift */ = {isa = PBXFileReference; lastKnownFileType = sourcecode.swift; path = AppDelegate.swift; sourceTree = "<group>"; };
		F76D1EDB2581C4BA00E40A5F /* SceneDelegate.swift */ = {isa = PBXFileReference; lastKnownFileType = sourcecode.swift; path = SceneDelegate.swift; sourceTree = "<group>"; };
		F76D1EDD2581C4BA00E40A5F /* ViewController.swift */ = {isa = PBXFileReference; lastKnownFileType = sourcecode.swift; path = ViewController.swift; sourceTree = "<group>"; };
		F76D1EE02581C4BA00E40A5F /* Base */ = {isa = PBXFileReference; lastKnownFileType = file.storyboard; name = Base; path = Base.lproj/Main.storyboard; sourceTree = "<group>"; };
		F76D1EE22581C4BD00E40A5F /* Assets.xcassets */ = {isa = PBXFileReference; lastKnownFileType = folder.assetcatalog; path = Assets.xcassets; sourceTree = "<group>"; };
		F76D1EE52581C4BD00E40A5F /* Base */ = {isa = PBXFileReference; lastKnownFileType = file.storyboard; name = Base; path = Base.lproj/LaunchScreen.storyboard; sourceTree = "<group>"; };
		F76D1EE72581C4BD00E40A5F /* Info.plist */ = {isa = PBXFileReference; lastKnownFileType = text.plist.xml; path = Info.plist; sourceTree = "<group>"; };
/* End PBXFileReference section */

/* Begin PBXFrameworksBuildPhase section */
		F76D1ED32581C4BA00E40A5F /* Frameworks */ = {
			isa = PBXFrameworksBuildPhase;
			buildActionMask = 2147483647;
			files = (
			);
			runOnlyForDeploymentPostprocessing = 0;
		};
/* End PBXFrameworksBuildPhase section */

/* Begin PBXGroup section */
		F76D1ECD2581C4BA00E40A5F = {
			isa = PBXGroup;
			children = (
				F76D1ED82581C4BA00E40A5F /* SecKeyEncryption */,
				F76D1ED72581C4BA00E40A5F /* Products */,
			);
			sourceTree = "<group>";
		};
		F76D1ED72581C4BA00E40A5F /* Products */ = {
			isa = PBXGroup;
			children = (
				F76D1ED62581C4BA00E40A5F /* SecKeyEncryption.app */,
			);
			name = Products;
			sourceTree = "<group>";
		};
		F76D1ED82581C4BA00E40A5F /* SecKeyEncryption */ = {
			isa = PBXGroup;
			children = (
				F76D1ED92581C4BA00E40A5F /* AppDelegate.swift */,
				F76D1EDB2581C4BA00E40A5F /* SceneDelegate.swift */,
				F76D1EDD2581C4BA00E40A5F /* ViewController.swift */,
				F76D1EDF2581C4BA00E40A5F /* Main.storyboard */,
				F76D1EE22581C4BD00E40A5F /* Assets.xcassets */,
				F76D1EE42581C4BD00E40A5F /* LaunchScreen.storyboard */,
				F76D1EE72581C4BD00E40A5F /* Info.plist */,
			);
			path = SecKeyEncryption;
			sourceTree = "<group>";
		};
/* End PBXGroup section */

/* Begin PBXNativeTarget section */
		F76D1ED52581C4BA00E40A5F /* SecKeyEncryption */ = {
			isa = PBXNativeTarget;
			buildConfigurationList = F76D1EEA2581C4BD00E40A5F /* Build configuration list for PBXNativeTarget "SecKeyEncryption" */;
			buildPhases = (
				F76D1ED22581C4BA00E40A5F /* Sources */,
				F76D1ED32581C4BA00E40A5F /* Frameworks */,
				F76D1ED42581C4BA00E40A5F /* Resources */,
			);
			buildRules = (
			);
			dependencies = (
			);
			name = SecKeyEncryption;
			productName = SecKeyEncryption;
			productReference = F76D1ED62581C4BA00E40A5F /* SecKeyEncryption.app */;
			productType = "com.apple.product-type.application";
		};
/* End PBXNativeTarget section */

/* Begin PBXProject section */
		F76D1ECE2581C4BA00E40A5F /* Project object */ = {
			isa = PBXProject;
			attributes = {
				LastSwiftUpdateCheck = 1220;
				LastUpgradeCheck = 1220;
				TargetAttributes = {
					F76D1ED52581C4BA00E40A5F = {
						CreatedOnToolsVersion = 12.2;
					};
				};
			};
			buildConfigurationList = F76D1ED12581C4BA00E40A5F /* Build configuration list for PBXProject "SecKeyEncryption" */;
			compatibilityVersion = "Xcode 9.3";
			developmentRegion = en;
			hasScannedForEncodings = 0;
			knownRegions = (
				en,
				Base,
			);
			mainGroup = F76D1ECD2581C4BA00E40A5F;
			productRefGroup = F76D1ED72581C4BA00E40A5F /* Products */;
			projectDirPath = "";
			projectRoot = "";
			targets = (
				F76D1ED52581C4BA00E40A5F /* SecKeyEncryption */,
			);
		};
/* End PBXProject section */

/* Begin PBXResourcesBuildPhase section */
		F76D1ED42581C4BA00E40A5F /* Resources */ = {
			isa = PBXResourcesBuildPhase;
			buildActionMask = 2147483647;
			files = (
				F76D1EE62581C4BD00E40A5F /* LaunchScreen.storyboard in Resources */,
				F76D1EE32581C4BD00E40A5F /* Assets.xcassets in Resources */,
				F76D1EE12581C4BA00E40A5F /* Main.storyboard in Resources */,
			);
			runOnlyForDeploymentPostprocessing = 0;
		};
/* End PBXResourcesBuildPhase section */

/* Begin PBXSourcesBuildPhase section */
		F76D1ED22581C4BA00E40A5F /* Sources */ = {
			isa = PBXSourcesBuildPhase;
			buildActionMask = 2147483647;
			files = (
				F76D1EDE2581C4BA00E40A5F /* ViewController.swift in Sources */,
				F76D1EDA2581C4BA00E40A5F /* AppDelegate.swift in Sources */,
				F76D1EDC2581C4BA00E40A5F /* SceneDelegate.swift in Sources */,
			);
			runOnlyForDeploymentPostprocessing = 0;
		};
/* End PBXSourcesBuildPhase section */

/* Begin PBXVariantGroup section */
		F76D1EDF2581C4BA00E40A5F /* Main.storyboard */ = {
			isa = PBXVariantGroup;
			children = (
				F76D1EE02581C4BA00E40A5F /* Base */,
			);
			name = Main.storyboard;
			sourceTree = "<group>";
		};
		F76D1EE42581C4BD00E40A5F /* LaunchScreen.storyboard */ = {
			isa = PBXVariantGroup;
			children = (
				F76D1EE52581C4BD00E40A5F /* Base */,
			);
			name = LaunchScreen.storyboard;
			sourceTree = "<group>";
		};
/* End PBXVariantGroup section */

/* Begin XCBuildConfiguration section */
		F76D1EE82581C4BD00E40A5F /* Debug */ = {
			isa = XCBuildConfiguration;
			buildSettings = {
				ALWAYS_SEARCH_USER_PATHS = NO;
				CLANG_ANALYZER_NONNULL = YES;
				CLANG_ANALYZER_NUMBER_OBJECT_CONVERSION = YES_AGGRESSIVE;
				CLANG_CXX_LANGUAGE_STANDARD = "gnu++14";
				CLANG_CXX_LIBRARY = "libc++";
				CLANG_ENABLE_MODULES = YES;
				CLANG_ENABLE_OBJC_ARC = YES;
				CLANG_ENABLE_OBJC_WEAK = YES;
				CLANG_WARN_BLOCK_CAPTURE_AUTORELEASING = YES;
				CLANG_WARN_BOOL_CONVERSION = YES;
				CLANG_WARN_COMMA = YES;
				CLANG_WARN_CONSTANT_CONVERSION = YES;
				CLANG_WARN_DEPRECATED_OBJC_IMPLEMENTATIONS = YES;
				CLANG_WARN_DIRECT_OBJC_ISA_USAGE = YES_ERROR;
				CLANG_WARN_DOCUMENTATION_COMMENTS = YES;
				CLANG_WARN_EMPTY_BODY = YES;
				CLANG_WARN_ENUM_CONVERSION = YES;
				CLANG_WARN_INFINITE_RECURSION = YES;
				CLANG_WARN_INT_CONVERSION = YES;
				CLANG_WARN_NON_LITERAL_NULL_CONVERSION = YES;
				CLANG_WARN_OBJC_IMPLICIT_RETAIN_SELF = YES;
				CLANG_WARN_OBJC_LITERAL_CONVERSION = YES;
				CLANG_WARN_OBJC_ROOT_CLASS = YES_ERROR;
				CLANG_WARN_QUOTED_INCLUDE_IN_FRAMEWORK_HEADER = YES;
				CLANG_WARN_RANGE_LOOP_ANALYSIS = YES;
				CLANG_WARN_STRICT_PROTOTYPES = YES;
				CLANG_WARN_SUSPICIOUS_MOVE = YES;
				CLANG_WARN_UNGUARDED_AVAILABILITY = YES_AGGRESSIVE;
				CLANG_WARN_UNREACHABLE_CODE = YES;
				CLANG_WARN__DUPLICATE_METHOD_MATCH = YES;
				COPY_PHASE_STRIP = NO;
				DEBUG_INFORMATION_FORMAT = dwarf;
				ENABLE_STRICT_OBJC_MSGSEND = YES;
				ENABLE_TESTABILITY = YES;
				GCC_C_LANGUAGE_STANDARD = gnu11;
				GCC_DYNAMIC_NO_PIC = NO;
				GCC_NO_COMMON_BLOCKS = YES;
				GCC_OPTIMIZATION_LEVEL = 0;
				GCC_PREPROCESSOR_DEFINITIONS = (
					"DEBUG=1",
					"$(inherited)",
				);
				GCC_WARN_64_TO_32_BIT_CONVERSION = YES;
				GCC_WARN_ABOUT_RETURN_TYPE = YES_ERROR;
				GCC_WARN_UNDECLARED_SELECTOR = YES;
				GCC_WARN_UNINITIALIZED_AUTOS = YES_AGGRESSIVE;
				GCC_WARN_UNUSED_FUNCTION = YES;
				GCC_WARN_UNUSED_VARIABLE = YES;
				IPHONEOS_DEPLOYMENT_TARGET = 14.2;
				MTL_ENABLE_DEBUG_INFO = INCLUDE_SOURCE;
				MTL_FAST_MATH = YES;
				ONLY_ACTIVE_ARCH = YES;
				SDKROOT = iphoneos;
				SWIFT_ACTIVE_COMPILATION_CONDITIONS = DEBUG;
				SWIFT_OPTIMIZATION_LEVEL = "-Onone";
			};
			name = Debug;
		};
		F76D1EE92581C4BD00E40A5F /* Release */ = {
			isa = XCBuildConfiguration;
			buildSettings = {
				ALWAYS_SEARCH_USER_PATHS = NO;
				CLANG_ANALYZER_NONNULL = YES;
				CLANG_ANALYZER_NUMBER_OBJECT_CONVERSION = YES_AGGRESSIVE;
				CLANG_CXX_LANGUAGE_STANDARD = "gnu++14";
				CLANG_CXX_LIBRARY = "libc++";
				CLANG_ENABLE_MODULES = YES;
				CLANG_ENABLE_OBJC_ARC = YES;
				CLANG_ENABLE_OBJC_WEAK = YES;
				CLANG_WARN_BLOCK_CAPTURE_AUTORELEASING = YES;
				CLANG_WARN_BOOL_CONVERSION = YES;
				CLANG_WARN_COMMA = YES;
				CLANG_WARN_CONSTANT_CONVERSION = YES;
				CLANG_WARN_DEPRECATED_OBJC_IMPLEMENTATIONS = YES;
				CLANG_WARN_DIRECT_OBJC_ISA_USAGE = YES_ERROR;
				CLANG_WARN_DOCUMENTATION_COMMENTS = YES;
				CLANG_WARN_EMPTY_BODY = YES;
				CLANG_WARN_ENUM_CONVERSION = YES;
				CLANG_WARN_INFINITE_RECURSION = YES;
				CLANG_WARN_INT_CONVERSION = YES;
				CLANG_WARN_NON_LITERAL_NULL_CONVERSION = YES;
				CLANG_WARN_OBJC_IMPLICIT_RETAIN_SELF = YES;
				CLANG_WARN_OBJC_LITERAL_CONVERSION = YES;
				CLANG_WARN_OBJC_ROOT_CLASS = YES_ERROR;
				CLANG_WARN_QUOTED_INCLUDE_IN_FRAMEWORK_HEADER = YES;
				CLANG_WARN_RANGE_LOOP_ANALYSIS = YES;
				CLANG_WARN_STRICT_PROTOTYPES = YES;
				CLANG_WARN_SUSPICIOUS_MOVE = YES;
				CLANG_WARN_UNGUARDED_AVAILABILITY = YES_AGGRESSIVE;
				CLANG_WARN_UNREACHABLE_CODE = YES;
				CLANG_WARN__DUPLICATE_METHOD_MATCH = YES;
				COPY_PHASE_STRIP = NO;
				DEBUG_INFORMATION_FORMAT = "dwarf-with-dsym";
				ENABLE_NS_ASSERTIONS = NO;
				ENABLE_STRICT_OBJC_MSGSEND = YES;
				GCC_C_LANGUAGE_STANDARD = gnu11;
				GCC_NO_COMMON_BLOCKS = YES;
				GCC_WARN_64_TO_32_BIT_CONVERSION = YES;
				GCC_WARN_ABOUT_RETURN_TYPE = YES_ERROR;
				GCC_WARN_UNDECLARED_SELECTOR = YES;
				GCC_WARN_UNINITIALIZED_AUTOS = YES_AGGRESSIVE;
				GCC_WARN_UNUSED_FUNCTION = YES;
				GCC_WARN_UNUSED_VARIABLE = YES;
				IPHONEOS_DEPLOYMENT_TARGET = 14.2;
				MTL_ENABLE_DEBUG_INFO = NO;
				MTL_FAST_MATH = YES;
				SDKROOT = iphoneos;
				SWIFT_COMPILATION_MODE = wholemodule;
				SWIFT_OPTIMIZATION_LEVEL = "-O";
				VALIDATE_PRODUCT = YES;
			};
			name = Release;
		};
		F76D1EEB2581C4BD00E40A5F /* Debug */ = {
			isa = XCBuildConfiguration;
			buildSettings = {
				ASSETCATALOG_COMPILER_APPICON_NAME = AppIcon;
				ASSETCATALOG_COMPILER_GLOBAL_ACCENT_COLOR_NAME = AccentColor;
				CODE_SIGN_STYLE = Automatic;
				DEVELOPMENT_TEAM = L6FXVKY65M;
				INFOPLIST_FILE = SecKeyEncryption/Info.plist;
				LD_RUNPATH_SEARCH_PATHS = (
					"$(inherited)",
					"@executable_path/Frameworks",
				);
				PRODUCT_BUNDLE_IDENTIFIER = seanlin.dev.SecKeyEncryption;
				PRODUCT_NAME = "$(TARGET_NAME)";
				SWIFT_VERSION = 5.0;
				TARGETED_DEVICE_FAMILY = "1,2";
			};
			name = Debug;
		};
		F76D1EEC2581C4BD00E40A5F /* Release */ = {
			isa = XCBuildConfiguration;
			buildSettings = {
				ASSETCATALOG_COMPILER_APPICON_NAME = AppIcon;
				ASSETCATALOG_COMPILER_GLOBAL_ACCENT_COLOR_NAME = AccentColor;
				CODE_SIGN_STYLE = Automatic;
				DEVELOPMENT_TEAM = L6FXVKY65M;
				INFOPLIST_FILE = SecKeyEncryption/Info.plist;
				LD_RUNPATH_SEARCH_PATHS = (
					"$(inherited)",
					"@executable_path/Frameworks",
				);
				PRODUCT_BUNDLE_IDENTIFIER = seanlin.dev.SecKeyEncryption;
				PRODUCT_NAME = "$(TARGET_NAME)";
				SWIFT_VERSION = 5.0;
				TARGETED_DEVICE_FAMILY = "1,2";
			};
			name = Release;
		};
/* End XCBuildConfiguration section */

/* Begin XCConfigurationList section */
		F76D1ED12581C4BA00E40A5F /* Build configuration list for PBXProject "SecKeyEncryption" */ = {
			isa = XCConfigurationList;
			buildConfigurations = (
				F76D1EE82581C4BD00E40A5F /* Debug */,
				F76D1EE92581C4BD00E40A5F /* Release */,
			);
			defaultConfigurationIsVisible = 0;
			defaultConfigurationName = Release;
		};
		F76D1EEA2581C4BD00E40A5F /* Build configuration list for PBXNativeTarget "SecKeyEncryption" */ = {
			isa = XCConfigurationList;
			buildConfigurations = (
				F76D1EEB2581C4BD00E40A5F /* Debug */,
				F76D1EEC2581C4BD00E40A5F /* Release */,
			);
			defaultConfigurationIsVisible = 0;
			defaultConfigurationName = Release;
		};
/* End XCConfigurationList section */
	};
	rootObject = F76D1ECE2581C4BA00E40A5F /* Project object */;
}
